// !$*UTF8*$!
{
	archiveVersion = 1;
	classes = {
	};
	objectVersion = 50;
	objects = {

/* Begin PBXBuildFile section */
		ED94EE6426C2C6DD00B62B25 /* EmojiArtApp.swift in Sources */ = {isa = PBXBuildFile; fileRef = ED94EE6326C2C6DD00B62B25 /* EmojiArtApp.swift */; };
		ED94EE6626C2C6DD00B62B25 /* ContentView.swift in Sources */ = {isa = PBXBuildFile; fileRef = ED94EE6526C2C6DD00B62B25 /* ContentView.swift */; };
		ED94EE6826C2C6DE00B62B25 /* Assets.xcassets in Resources */ = {isa = PBXBuildFile; fileRef = ED94EE6726C2C6DE00B62B25 /* Assets.xcassets */; };
		ED94EE6B26C2C6DE00B62B25 /* Preview Assets.xcassets in Resources */ = {isa = PBXBuildFile; fileRef = ED94EE6A26C2C6DE00B62B25 /* Preview Assets.xcassets */; };
/* End PBXBuildFile section */

/* Begin PBXFileReference section */
		ED94EE6026C2C6DD00B62B25 /* EmojiArt.app */ = {isa = PBXFileReference; explicitFileType = wrapper.application; includeInIndex = 0; path = EmojiArt.app; sourceTree = BUILT_PRODUCTS_DIR; };
		ED94EE6326C2C6DD00B62B25 /* EmojiArtApp.swift */ = {isa = PBXFileReference; lastKnownFileType = sourcecode.swift; path = EmojiArtApp.swift; sourceTree = "<group>"; };
		ED94EE6526C2C6DD00B62B25 /* ContentView.swift */ = {isa = PBXFileReference; lastKnownFileType = sourcecode.swift; path = ContentView.swift; sourceTree = "<group>"; };
		ED94EE6726C2C6DE00B62B25 /* Assets.xcassets */ = {isa = PBXFileReference; lastKnownFileType = folder.assetcatalog; path = Assets.xcassets; sourceTree = "<group>"; };
		ED94EE6A26C2C6DE00B62B25 /* Preview Assets.xcassets */ = {isa = PBXFileReference; lastKnownFileType = folder.assetcatalog; path = "Preview Assets.xcassets"; sourceTree = "<group>"; };
		ED94EE6C26C2C6DE00B62B25 /* Info.plist */ = {isa = PBXFileReference; lastKnownFileType = text.plist.xml; path = Info.plist; sourceTree = "<group>"; };
/* End PBXFileReference section */

/* Begin PBXFrameworksBuildPhase section */
		ED94EE5D26C2C6DD00B62B25 /* Frameworks */ = {
			isa = PBXFrameworksBuildPhase;
			buildActionMask = 2147483647;
			files = (
			);
			runOnlyForDeploymentPostprocessing = 0;
		};
/* End PBXFrameworksBuildPhase section */

/* Begin PBXGroup section */
		ED94EE5726C2C6DD00B62B25 = {
			isa = PBXGroup;
			children = (
				ED94EE6226C2C6DD00B62B25 /* EmojiArt */,
				ED94EE6126C2C6DD00B62B25 /* Products */,
			);
			sourceTree = "<group>";
		};
		ED94EE6126C2C6DD00B62B25 /* Products */ = {
			isa = PBXGroup;
			children = (
				ED94EE6026C2C6DD00B62B25 /* EmojiArt.app */,
			);
			name = Products;
			sourceTree = "<group>";
		};
		ED94EE6226C2C6DD00B62B25 /* EmojiArt */ = {
			isa = PBXGroup;
			children = (
				EDB1793626C69D3B0049992F /* ViewModel */,
				EDB1793526C69D340049992F /* View */,
				EDB1793426C69D210049992F /* Model */,
				ED94EE6326C2C6DD00B62B25 /* EmojiArtApp.swift */,
				ED94EE6726C2C6DE00B62B25 /* Assets.xcassets */,
				ED94EE6C26C2C6DE00B62B25 /* Info.plist */,
				ED94EE6926C2C6DE00B62B25 /* Preview Content */,
			);
			path = EmojiArt;
			sourceTree = "<group>";
		};
		ED94EE6926C2C6DE00B62B25 /* Preview Content */ = {
			isa = PBXGroup;
			children = (
				ED94EE6A26C2C6DE00B62B25 /* Preview Assets.xcassets */,
			);
			path = "Preview Content";
			sourceTree = "<group>";
		};
		EDB1793426C69D210049992F /* Model */ = {
			isa = PBXGroup;
			children = (
			);
			path = Model;
			sourceTree = "<group>";
		};
		EDB1793526C69D340049992F /* View */ = {
			isa = PBXGroup;
			children = (
				ED94EE6526C2C6DD00B62B25 /* ContentView.swift */,
			);
			path = View;
			sourceTree = "<group>";
		};
		EDB1793626C69D3B0049992F /* ViewModel */ = {
			isa = PBXGroup;
			children = (
			);
			path = ViewModel;
			sourceTree = "<group>";
		};
/* End PBXGroup section */

/* Begin PBXNativeTarget section */
		ED94EE5F26C2C6DD00B62B25 /* EmojiArt */ = {
			isa = PBXNativeTarget;
			buildConfigurationList = ED94EE6F26C2C6DE00B62B25 /* Build configuration list for PBXNativeTarget "EmojiArt" */;
			buildPhases = (
				ED94EE5C26C2C6DD00B62B25 /* Sources */,
				ED94EE5D26C2C6DD00B62B25 /* Frameworks */,
				ED94EE5E26C2C6DD00B62B25 /* Resources */,
			);
			buildRules = (
			);
			dependencies = (
			);
			name = EmojiArt;
			productName = EmojiArt;
			productReference = ED94EE6026C2C6DD00B62B25 /* EmojiArt.app */;
			productType = "com.apple.product-type.application";
		};
/* End PBXNativeTarget section */

/* Begin PBXProject section */
		ED94EE5826C2C6DD00B62B25 /* Project object */ = {
			isa = PBXProject;
			attributes = {
				LastSwiftUpdateCheck = 1250;
				LastUpgradeCheck = 1250;
				TargetAttributes = {
					ED94EE5F26C2C6DD00B62B25 = {
						CreatedOnToolsVersion = 12.5.1;
					};
				};
			};
			buildConfigurationList = ED94EE5B26C2C6DD00B62B25 /* Build configuration list for PBXProject "EmojiArt" */;
			compatibilityVersion = "Xcode 9.3";
			developmentRegion = en;
			hasScannedForEncodings = 0;
			knownRegions = (
				en,
				Base,
			);
			mainGroup = ED94EE5726C2C6DD00B62B25;
			productRefGroup = ED94EE6126C2C6DD00B62B25 /* Products */;
			projectDirPath = "";
			projectRoot = "";
			targets = (
				ED94EE5F26C2C6DD00B62B25 /* EmojiArt */,
			);
		};
/* End PBXProject section */

/* Begin PBXResourcesBuildPhase section */
		ED94EE5E26C2C6DD00B62B25 /* Resources */ = {
			isa = PBXResourcesBuildPhase;
			buildActionMask = 2147483647;
			files = (
				ED94EE6B26C2C6DE00B62B25 /* Preview Assets.xcassets in Resources */,
				ED94EE6826C2C6DE00B62B25 /* Assets.xcassets in Resources */,
			);
			runOnlyForDeploymentPostprocessing = 0;
		};
/* End PBXResourcesBuildPhase section */

/* Begin PBXSourcesBuildPhase section */
		ED94EE5C26C2C6DD00B62B25 /* Sources */ = {
			isa = PBXSourcesBuildPhase;
			buildActionMask = 2147483647;
			files = (
				ED94EE6626C2C6DD00B62B25 /* ContentView.swift in Sources */,
				ED94EE6426C2C6DD00B62B25 /* EmojiArtApp.swift in Sources */,
			);
			runOnlyForDeploymentPostprocessing = 0;
		};
/* End PBXSourcesBuildPhase section */

/* Begin XCBuildConfiguration section */
		ED94EE6D26C2C6DE00B62B25 /* Debug */ = {
			isa = XCBuildConfiguration;
			buildSettings = {
				ALWAYS_SEARCH_USER_PATHS = NO;
				CLANG_ANALYZER_NONNULL = YES;
				CLANG_ANALYZER_NUMBER_OBJECT_CONVERSION = YES_AGGRESSIVE;
				CLANG_CXX_LANGUAGE_STANDARD = "gnu++14";
				CLANG_CXX_LIBRARY = "libc++";
				CLANG_ENABLE_MODULES = YES;
				CLANG_ENABLE_OBJC_ARC = YES;
				CLANG_ENABLE_OBJC_WEAK = YES;
				CLANG_WARN_BLOCK_CAPTURE_AUTORELEASING = YES;
				CLANG_WARN_BOOL_CONVERSION = YES;
				CLANG_WARN_COMMA = YES;
				CLANG_WARN_CONSTANT_CONVERSION = YES;
				CLANG_WARN_DEPRECATED_OBJC_IMPLEMENTATIONS = YES;
				CLANG_WARN_DIRECT_OBJC_ISA_USAGE = YES_ERROR;
				CLANG_WARN_DOCUMENTATION_COMMENTS = YES;
				CLANG_WARN_EMPTY_BODY = YES;
				CLANG_WARN_ENUM_CONVERSION = YES;
				CLANG_WARN_INFINITE_RECURSION = YES;
				CLANG_WARN_INT_CONVERSION = YES;
				CLANG_WARN_NON_LITERAL_NULL_CONVERSION = YES;
				CLANG_WARN_OBJC_IMPLICIT_RETAIN_SELF = YES;
				CLANG_WARN_OBJC_LITERAL_CONVERSION = YES;
				CLANG_WARN_OBJC_ROOT_CLASS = YES_ERROR;
				CLANG_WARN_QUOTED_INCLUDE_IN_FRAMEWORK_HEADER = YES;
				CLANG_WARN_RANGE_LOOP_ANALYSIS = YES;
				CLANG_WARN_STRICT_PROTOTYPES = YES;
				CLANG_WARN_SUSPICIOUS_MOVE = YES;
				CLANG_WARN_UNGUARDED_AVAILABILITY = YES_AGGRESSIVE;
				CLANG_WARN_UNREACHABLE_CODE = YES;
				CLANG_WARN__DUPLICATE_METHOD_MATCH = YES;
				COPY_PHASE_STRIP = NO;
				DEBUG_INFORMATION_FORMAT = dwarf;
				ENABLE_STRICT_OBJC_MSGSEND = YES;
				ENABLE_TESTABILITY = YES;
				GCC_C_LANGUAGE_STANDARD = gnu11;
				GCC_DYNAMIC_NO_PIC = NO;
				GCC_NO_COMMON_BLOCKS = YES;
				GCC_OPTIMIZATION_LEVEL = 0;
				GCC_PREPROCESSOR_DEFINITIONS = (
					"DEBUG=1",
					"$(inherited)",
				);
				GCC_WARN_64_TO_32_BIT_CONVERSION = YES;
				GCC_WARN_ABOUT_RETURN_TYPE = YES_ERROR;
				GCC_WARN_UNDECLARED_SELECTOR = YES;
				GCC_WARN_UNINITIALIZED_AUTOS = YES_AGGRESSIVE;
				GCC_WARN_UNUSED_FUNCTION = YES;
				GCC_WARN_UNUSED_VARIABLE = YES;
				IPHONEOS_DEPLOYMENT_TARGET = 14.5;
				MTL_ENABLE_DEBUG_INFO = INCLUDE_SOURCE;
				MTL_FAST_MATH = YES;
				ONLY_ACTIVE_ARCH = YES;
				SDKROOT = iphoneos;
				SWIFT_ACTIVE_COMPILATION_CONDITIONS = DEBUG;
				SWIFT_OPTIMIZATION_LEVEL = "-Onone";
			};
			name = Debug;
		};
		ED94EE6E26C2C6DE00B62B25 /* Release */ = {
			isa = XCBuildConfiguration;
			buildSettings = {
				ALWAYS_SEARCH_USER_PATHS = NO;
				CLANG_ANALYZER_NONNULL = YES;
				CLANG_ANALYZER_NUMBER_OBJECT_CONVERSION = YES_AGGRESSIVE;
				CLANG_CXX_LANGUAGE_STANDARD = "gnu++14";
				CLANG_CXX_LIBRARY = "libc++";
				CLANG_ENABLE_MODULES = YES;
				CLANG_ENABLE_OBJC_ARC = YES;
				CLANG_ENABLE_OBJC_WEAK = YES;
				CLANG_WARN_BLOCK_CAPTURE_AUTORELEASING = YES;
				CLANG_WARN_BOOL_CONVERSION = YES;
				CLANG_WARN_COMMA = YES;
				CLANG_WARN_CONSTANT_CONVERSION = YES;
				CLANG_WARN_DEPRECATED_OBJC_IMPLEMENTATIONS = YES;
				CLANG_WARN_DIRECT_OBJC_ISA_USAGE = YES_ERROR;
				CLANG_WARN_DOCUMENTATION_COMMENTS = YES;
				CLANG_WARN_EMPTY_BODY = YES;
				CLANG_WARN_ENUM_CONVERSION = YES;
				CLANG_WARN_INFINITE_RECURSION = YES;
				CLANG_WARN_INT_CONVERSION = YES;
				CLANG_WARN_NON_LITERAL_NULL_CONVERSION = YES;
				CLANG_WARN_OBJC_IMPLICIT_RETAIN_SELF = YES;
				CLANG_WARN_OBJC_LITERAL_CONVERSION = YES;
				CLANG_WARN_OBJC_ROOT_CLASS = YES_ERROR;
				CLANG_WARN_QUOTED_INCLUDE_IN_FRAMEWORK_HEADER = YES;
				CLANG_WARN_RANGE_LOOP_ANALYSIS = YES;
				CLANG_WARN_STRICT_PROTOTYPES = YES;
				CLANG_WARN_SUSPICIOUS_MOVE = YES;
				CLANG_WARN_UNGUARDED_AVAILABILITY = YES_AGGRESSIVE;
				CLANG_WARN_UNREACHABLE_CODE = YES;
				CLANG_WARN__DUPLICATE_METHOD_MATCH = YES;
				COPY_PHASE_STRIP = NO;
				DEBUG_INFORMATION_FORMAT = "dwarf-with-dsym";
				ENABLE_NS_ASSERTIONS = NO;
				ENABLE_STRICT_OBJC_MSGSEND = YES;
				GCC_C_LANGUAGE_STANDARD = gnu11;
				GCC_NO_COMMON_BLOCKS = YES;
				GCC_WARN_64_TO_32_BIT_CONVERSION = YES;
				GCC_WARN_ABOUT_RETURN_TYPE = YES_ERROR;
				GCC_WARN_UNDECLARED_SELECTOR = YES;
				GCC_WARN_UNINITIALIZED_AUTOS = YES_AGGRESSIVE;
				GCC_WARN_UNUSED_FUNCTION = YES;
				GCC_WARN_UNUSED_VARIABLE = YES;
				IPHONEOS_DEPLOYMENT_TARGET = 14.5;
				MTL_ENABLE_DEBUG_INFO = NO;
				MTL_FAST_MATH = YES;
				SDKROOT = iphoneos;
				SWIFT_COMPILATION_MODE = wholemodule;
				SWIFT_OPTIMIZATION_LEVEL = "-O";
				VALIDATE_PRODUCT = YES;
			};
			name = Release;
		};
		ED94EE7026C2C6DE00B62B25 /* Debug */ = {
			isa = XCBuildConfiguration;
			buildSettings = {
				ASSETCATALOG_COMPILER_APPICON_NAME = AppIcon;
				ASSETCATALOG_COMPILER_GLOBAL_ACCENT_COLOR_NAME = AccentColor;
				CODE_SIGN_STYLE = Automatic;
				DEVELOPMENT_ASSET_PATHS = "\"EmojiArt/Preview Content\"";
				DEVELOPMENT_TEAM = SUY2AMBJ65;
				ENABLE_PREVIEWS = YES;
				INFOPLIST_FILE = EmojiArt/Info.plist;
				IPHONEOS_DEPLOYMENT_TARGET = 14.0;
				LD_RUNPATH_SEARCH_PATHS = (
					"$(inherited)",
					"@executable_path/Frameworks",
				);
				PRODUCT_BUNDLE_IDENTIFIER = com.engmahdy.EmojiArt;
				PRODUCT_NAME = "$(TARGET_NAME)";
				SWIFT_VERSION = 5.0;
				TARGETED_DEVICE_FAMILY = "1,2";
			};
			name = Debug;
		};
		ED94EE7126C2C6DE00B62B25 /* Release */ = {
			isa = XCBuildConfiguration;
			buildSettings = {
				ASSETCATALOG_COMPILER_APPICON_NAME = AppIcon;
				ASSETCATALOG_COMPILER_GLOBAL_ACCENT_COLOR_NAME = AccentColor;
				CODE_SIGN_STYLE = Automatic;
				DEVELOPMENT_ASSET_PATHS = "\"EmojiArt/Preview Content\"";
				DEVELOPMENT_TEAM = SUY2AMBJ65;
				ENABLE_PREVIEWS = YES;
				INFOPLIST_FILE = EmojiArt/Info.plist;
				IPHONEOS_DEPLOYMENT_TARGET = 14.0;
				LD_RUNPATH_SEARCH_PATHS = (
					"$(inherited)",
					"@executable_path/Frameworks",
				);
				PRODUCT_BUNDLE_IDENTIFIER = com.engmahdy.EmojiArt;
				PRODUCT_NAME = "$(TARGET_NAME)";
				SWIFT_VERSION = 5.0;
				TARGETED_DEVICE_FAMILY = "1,2";
			};
			name = Release;
		};
/* End XCBuildConfiguration section */

/* Begin XCConfigurationList section */
		ED94EE5B26C2C6DD00B62B25 /* Build configuration list for PBXProject "EmojiArt" */ = {
			isa = XCConfigurationList;
			buildConfigurations = (
				ED94EE6D26C2C6DE00B62B25 /* Debug */,
				ED94EE6E26C2C6DE00B62B25 /* Release */,
			);
			defaultConfigurationIsVisible = 0;
			defaultConfigurationName = Release;
		};
		ED94EE6F26C2C6DE00B62B25 /* Build configuration list for PBXNativeTarget "EmojiArt" */ = {
			isa = XCConfigurationList;
			buildConfigurations = (
				ED94EE7026C2C6DE00B62B25 /* Debug */,
				ED94EE7126C2C6DE00B62B25 /* Release */,
			);
			defaultConfigurationIsVisible = 0;
			defaultConfigurationName = Release;
		};
/* End XCConfigurationList section */
	};
	rootObject = ED94EE5826C2C6DD00B62B25 /* Project object */;
}
